
Microsoft Visual Studio Solution File, Format Version 10.00
# Visual Studio 2008
Project("{FAE04EC0-301F-11D3-BF4B-00C04F79EFBC}") = "qb", "..\qb\qb.csproj", "{AD5371DD-34BC-42A5-B5EA-87FBFBFA5018}"
EndProject
Project("{54435603-DBB4-11D2-8724-00A0C9A8B90C}") = "Setup", "Setup\Setup.vdproj", "{92F2D324-E2A7-445F-98F6-CC6F06E76154}"
EndProject
Project("{FAE04EC0-301F-11D3-BF4B-00C04F79EFBC}") = "Quic", "..\quic\Quic.csproj", "{FDCDE62B-250B-4333-A8E6-55E49662D765}"
EndProject
Global
	GlobalSection(SolutionConfigurationPlatforms) = preSolution
		Debug|Any CPU = Debug|Any CPU
		Release|Any CPU = Release|Any CPU
	EndGlobalSection
	GlobalSection(ProjectConfigurationPlatforms) = postSolution
		{AD5371DD-34BC-42A5-B5EA-87FBFBFA5018}.Debug|Any CPU.ActiveCfg = Debug|Any CPU
		{AD5371DD-34BC-42A5-B5EA-87FBFBFA5018}.Debug|Any CPU.Build.0 = Debug|Any CPU
		{AD5371DD-34BC-42A5-B5EA-87FBFBFA5018}.Release|Any CPU.ActiveCfg = Release|Any CPU
		{AD5371DD-34BC-42A5-B5EA-87FBFBFA5018}.Release|Any CPU.Build.0 = Release|Any CPU
		{92F2D324-E2A7-445F-98F6-CC6F06E76154}.Debug|Any CPU.ActiveCfg = Debug
		{92F2D324-E2A7-445F-98F6-CC6F06E76154}.Release|Any CPU.ActiveCfg = Release
		{FDCDE62B-250B-4333-A8E6-55E49662D765}.Debug|Any CPU.ActiveCfg = Debug|Any CPU
		{FDCDE62B-250B-4333-A8E6-55E49662D765}.Debug|Any CPU.Build.0 = Debug|Any CPU
		{FDCDE62B-250B-4333-A8E6-55E49662D765}.Release|Any CPU.ActiveCfg = Release|Any CPU
		{FDCDE62B-250B-4333-A8E6-55E49662D765}.Release|Any CPU.Build.0 = Release|Any CPU
	EndGlobalSection
	GlobalSection(SolutionProperties) = preSolution
		HideSolutionNode = FALSE
	EndGlobalSection
EndGlobal
